// !$*UTF8*$!
{
	archiveVersion = 1;
	classes = {
	};
	objectVersion = 52;
	objects = {

/* Begin PBXBuildFile section */
		261A5A3D26690CA7005E16A2 /* ConversationsVC.swift in Sources */ = {isa = PBXBuildFile; fileRef = 261A5A3C26690CA7005E16A2 /* ConversationsVC.swift */; };
		261A5A4026690CC8005E16A2 /* ConversationCell.swift in Sources */ = {isa = PBXBuildFile; fileRef = 261A5A3F26690CC8005E16A2 /* ConversationCell.swift */; };
		262F00B02668D3F600FAF06F /* AppDelegate.swift in Sources */ = {isa = PBXBuildFile; fileRef = 262F00AF2668D3F600FAF06F /* AppDelegate.swift */; };
		262F00B22668D3F600FAF06F /* SceneDelegate.swift in Sources */ = {isa = PBXBuildFile; fileRef = 262F00B12668D3F600FAF06F /* SceneDelegate.swift */; };
		262F00B42668D3F600FAF06F /* ViewController.swift in Sources */ = {isa = PBXBuildFile; fileRef = 262F00B32668D3F600FAF06F /* ViewController.swift */; };
		262F00B72668D3F600FAF06F /* Main.storyboard in Resources */ = {isa = PBXBuildFile; fileRef = 262F00B52668D3F600FAF06F /* Main.storyboard */; };
		262F00B92668D3F700FAF06F /* Assets.xcassets in Resources */ = {isa = PBXBuildFile; fileRef = 262F00B82668D3F700FAF06F /* Assets.xcassets */; };
		262F00BC2668D3F700FAF06F /* LaunchScreen.storyboard in Resources */ = {isa = PBXBuildFile; fileRef = 262F00BA2668D3F700FAF06F /* LaunchScreen.storyboard */; };
		262F00CB2668D58900FAF06F /* PubNub in Frameworks */ = {isa = PBXBuildFile; productRef = 262F00CA2668D58900FAF06F /* PubNub */; };
		26CAFCDA26691AF0006F1AB8 /* Extensions.swift in Sources */ = {isa = PBXBuildFile; fileRef = 26CAFCD926691AF0006F1AB8 /* Extensions.swift */; };
		26CAFCDE26691B01006F1AB8 /* BaseVC.swift in Sources */ = {isa = PBXBuildFile; fileRef = 26CAFCDD26691B01006F1AB8 /* BaseVC.swift */; };
		26CAFCE126691C1E006F1AB8 /* ConversationModel.swift in Sources */ = {isa = PBXBuildFile; fileRef = 26CAFCE026691C1E006F1AB8 /* ConversationModel.swift */; };
		4F37492AA60AB06E28E4AA95 /* Pods_ESPubNub.framework in Frameworks */ = {isa = PBXBuildFile; fileRef = EA45473A6BF7764A56C6F32F /* Pods_ESPubNub.framework */; };
/* End PBXBuildFile section */

/* Begin PBXFileReference section */
		261A5A3C26690CA7005E16A2 /* ConversationsVC.swift */ = {isa = PBXFileReference; lastKnownFileType = sourcecode.swift; path = ConversationsVC.swift; sourceTree = "<group>"; };
		261A5A3F26690CC8005E16A2 /* ConversationCell.swift */ = {isa = PBXFileReference; lastKnownFileType = sourcecode.swift; path = ConversationCell.swift; sourceTree = "<group>"; };
		262F00AC2668D3F600FAF06F /* ESPubNub.app */ = {isa = PBXFileReference; explicitFileType = wrapper.application; includeInIndex = 0; path = ESPubNub.app; sourceTree = BUILT_PRODUCTS_DIR; };
		262F00AF2668D3F600FAF06F /* AppDelegate.swift */ = {isa = PBXFileReference; lastKnownFileType = sourcecode.swift; path = AppDelegate.swift; sourceTree = "<group>"; };
		262F00B12668D3F600FAF06F /* SceneDelegate.swift */ = {isa = PBXFileReference; lastKnownFileType = sourcecode.swift; path = SceneDelegate.swift; sourceTree = "<group>"; };
		262F00B32668D3F600FAF06F /* ViewController.swift */ = {isa = PBXFileReference; lastKnownFileType = sourcecode.swift; path = ViewController.swift; sourceTree = "<group>"; };
		262F00B62668D3F600FAF06F /* Base */ = {isa = PBXFileReference; lastKnownFileType = file.storyboard; name = Base; path = Base.lproj/Main.storyboard; sourceTree = "<group>"; };
		262F00B82668D3F700FAF06F /* Assets.xcassets */ = {isa = PBXFileReference; lastKnownFileType = folder.assetcatalog; path = Assets.xcassets; sourceTree = "<group>"; };
		262F00BB2668D3F700FAF06F /* Base */ = {isa = PBXFileReference; lastKnownFileType = file.storyboard; name = Base; path = Base.lproj/LaunchScreen.storyboard; sourceTree = "<group>"; };
		262F00BD2668D3F700FAF06F /* Info.plist */ = {isa = PBXFileReference; lastKnownFileType = text.plist.xml; path = Info.plist; sourceTree = "<group>"; };
		26CAFCD926691AF0006F1AB8 /* Extensions.swift */ = {isa = PBXFileReference; lastKnownFileType = sourcecode.swift; path = Extensions.swift; sourceTree = "<group>"; };
		26CAFCDD26691B01006F1AB8 /* BaseVC.swift */ = {isa = PBXFileReference; lastKnownFileType = sourcecode.swift; path = BaseVC.swift; sourceTree = "<group>"; };
		26CAFCE026691C1E006F1AB8 /* ConversationModel.swift */ = {isa = PBXFileReference; lastKnownFileType = sourcecode.swift; path = ConversationModel.swift; sourceTree = "<group>"; };
		71DC489BD2DF0CE5387100B4 /* Pods-ESPubNub.debug.xcconfig */ = {isa = PBXFileReference; includeInIndex = 1; lastKnownFileType = text.xcconfig; name = "Pods-ESPubNub.debug.xcconfig"; path = "Target Support Files/Pods-ESPubNub/Pods-ESPubNub.debug.xcconfig"; sourceTree = "<group>"; };
		B8369E1B0C37BCE57E364EA9 /* Pods-ESPubNub.release.xcconfig */ = {isa = PBXFileReference; includeInIndex = 1; lastKnownFileType = text.xcconfig; name = "Pods-ESPubNub.release.xcconfig"; path = "Target Support Files/Pods-ESPubNub/Pods-ESPubNub.release.xcconfig"; sourceTree = "<group>"; };
		EA45473A6BF7764A56C6F32F /* Pods_ESPubNub.framework */ = {isa = PBXFileReference; explicitFileType = wrapper.framework; includeInIndex = 0; path = Pods_ESPubNub.framework; sourceTree = BUILT_PRODUCTS_DIR; };
/* End PBXFileReference section */

/* Begin PBXFrameworksBuildPhase section */
		262F00A92668D3F600FAF06F /* Frameworks */ = {
			isa = PBXFrameworksBuildPhase;
			buildActionMask = 2147483647;
			files = (
				262F00CB2668D58900FAF06F /* PubNub in Frameworks */,
				4F37492AA60AB06E28E4AA95 /* Pods_ESPubNub.framework in Frameworks */,
			);
			runOnlyForDeploymentPostprocessing = 0;
		};
/* End PBXFrameworksBuildPhase section */

/* Begin PBXGroup section */
		261A5A3826690C83005E16A2 /* Chat */ = {
			isa = PBXGroup;
			children = (
				261A5A3B26690C98005E16A2 /* Model */,
				261A5A3A26690C90005E16A2 /* ViewController */,
				261A5A3926690C8A005E16A2 /* View */,
			);
			path = Chat;
			sourceTree = "<group>";
		};
		261A5A3926690C8A005E16A2 /* View */ = {
			isa = PBXGroup;
			children = (
				261A5A3F26690CC8005E16A2 /* ConversationCell.swift */,
			);
			path = View;
			sourceTree = "<group>";
		};
		261A5A3A26690C90005E16A2 /* ViewController */ = {
			isa = PBXGroup;
			children = (
				261A5A3C26690CA7005E16A2 /* ConversationsVC.swift */,
			);
			path = ViewController;
			sourceTree = "<group>";
		};
		261A5A3B26690C98005E16A2 /* Model */ = {
			isa = PBXGroup;
			children = (
				26CAFCE026691C1E006F1AB8 /* ConversationModel.swift */,
			);
			path = Model;
			sourceTree = "<group>";
		};
		262F00A32668D3F600FAF06F = {
			isa = PBXGroup;
			children = (
				262F00AE2668D3F600FAF06F /* ESPubNub */,
				262F00AD2668D3F600FAF06F /* Products */,
				3BA704B9D1891B65A2EC1051 /* Pods */,
				B18269D9D1906749DF90B2D2 /* Frameworks */,
			);
			sourceTree = "<group>";
		};
		262F00AD2668D3F600FAF06F /* Products */ = {
			isa = PBXGroup;
			children = (
				262F00AC2668D3F600FAF06F /* ESPubNub.app */,
			);
			name = Products;
			sourceTree = "<group>";
		};
		262F00AE2668D3F600FAF06F /* ESPubNub */ = {
			isa = PBXGroup;
			children = (
				26CAFCD826691AE6006F1AB8 /* Extensions */,
				261A5A3826690C83005E16A2 /* Chat */,
				262F00AF2668D3F600FAF06F /* AppDelegate.swift */,
				262F00B12668D3F600FAF06F /* SceneDelegate.swift */,
				262F00B32668D3F600FAF06F /* ViewController.swift */,
				262F00B52668D3F600FAF06F /* Main.storyboard */,
				262F00B82668D3F700FAF06F /* Assets.xcassets */,
				262F00BA2668D3F700FAF06F /* LaunchScreen.storyboard */,
				262F00BD2668D3F700FAF06F /* Info.plist */,
			);
			path = ESPubNub;
			sourceTree = "<group>";
		};
		26CAFCD826691AE6006F1AB8 /* Extensions */ = {
			isa = PBXGroup;
			children = (
				26CAFCD926691AF0006F1AB8 /* Extensions.swift */,
				26CAFCDD26691B01006F1AB8 /* BaseVC.swift */,
			);
			path = Extensions;
			sourceTree = "<group>";
		};
		3BA704B9D1891B65A2EC1051 /* Pods */ = {
			isa = PBXGroup;
			children = (
				71DC489BD2DF0CE5387100B4 /* Pods-ESPubNub.debug.xcconfig */,
				B8369E1B0C37BCE57E364EA9 /* Pods-ESPubNub.release.xcconfig */,
			);
			path = Pods;
			sourceTree = "<group>";
		};
		B18269D9D1906749DF90B2D2 /* Frameworks */ = {
			isa = PBXGroup;
			children = (
				EA45473A6BF7764A56C6F32F /* Pods_ESPubNub.framework */,
			);
			name = Frameworks;
			sourceTree = "<group>";
		};
/* End PBXGroup section */

/* Begin PBXNativeTarget section */
		262F00AB2668D3F600FAF06F /* ESPubNub */ = {
			isa = PBXNativeTarget;
			buildConfigurationList = 262F00C02668D3F700FAF06F /* Build configuration list for PBXNativeTarget "ESPubNub" */;
			buildPhases = (
				CBE4D3AA08139C85FCC73F94 /* [CP] Check Pods Manifest.lock */,
				262F00A82668D3F600FAF06F /* Sources */,
				262F00A92668D3F600FAF06F /* Frameworks */,
				262F00AA2668D3F600FAF06F /* Resources */,
				BBEFBB8E2B47A6CBBF675C32 /* [CP] Embed Pods Frameworks */,
			);
			buildRules = (
			);
			dependencies = (
			);
			name = ESPubNub;
			packageProductDependencies = (
				262F00CA2668D58900FAF06F /* PubNub */,
			);
			productName = ESPubNub;
			productReference = 262F00AC2668D3F600FAF06F /* ESPubNub.app */;
			productType = "com.apple.product-type.application";
		};
/* End PBXNativeTarget section */

/* Begin PBXProject section */
		262F00A42668D3F600FAF06F /* Project object */ = {
			isa = PBXProject;
			attributes = {
				LastSwiftUpdateCheck = 1240;
				LastUpgradeCheck = 1240;
				TargetAttributes = {
					262F00AB2668D3F600FAF06F = {
						CreatedOnToolsVersion = 12.4;
					};
				};
			};
			buildConfigurationList = 262F00A72668D3F600FAF06F /* Build configuration list for PBXProject "ESPubNub" */;
			compatibilityVersion = "Xcode 9.3";
			developmentRegion = en;
			hasScannedForEncodings = 0;
			knownRegions = (
				en,
				Base,
			);
			mainGroup = 262F00A32668D3F600FAF06F;
			packageReferences = (
				262F00C92668D58900FAF06F /* XCRemoteSwiftPackageReference "swift" */,
			);
			productRefGroup = 262F00AD2668D3F600FAF06F /* Products */;
			projectDirPath = "";
			projectRoot = "";
			targets = (
				262F00AB2668D3F600FAF06F /* ESPubNub */,
			);
		};
/* End PBXProject section */

/* Begin PBXResourcesBuildPhase section */
		262F00AA2668D3F600FAF06F /* Resources */ = {
			isa = PBXResourcesBuildPhase;
			buildActionMask = 2147483647;
			files = (
				262F00BC2668D3F700FAF06F /* LaunchScreen.storyboard in Resources */,
				262F00B92668D3F700FAF06F /* Assets.xcassets in Resources */,
				262F00B72668D3F600FAF06F /* Main.storyboard in Resources */,
			);
			runOnlyForDeploymentPostprocessing = 0;
		};
/* End PBXResourcesBuildPhase section */

/* Begin PBXShellScriptBuildPhase section */
		BBEFBB8E2B47A6CBBF675C32 /* [CP] Embed Pods Frameworks */ = {
			isa = PBXShellScriptBuildPhase;
			buildActionMask = 2147483647;
			files = (
			);
			inputFileListPaths = (
				"${PODS_ROOT}/Target Support Files/Pods-ESPubNub/Pods-ESPubNub-frameworks-${CONFIGURATION}-input-files.xcfilelist",
			);
			name = "[CP] Embed Pods Frameworks";
			outputFileListPaths = (
				"${PODS_ROOT}/Target Support Files/Pods-ESPubNub/Pods-ESPubNub-frameworks-${CONFIGURATION}-output-files.xcfilelist",
			);
			runOnlyForDeploymentPostprocessing = 0;
			shellPath = /bin/sh;
			shellScript = "\"${PODS_ROOT}/Target Support Files/Pods-ESPubNub/Pods-ESPubNub-frameworks.sh\"\n";
			showEnvVarsInLog = 0;
		};
		CBE4D3AA08139C85FCC73F94 /* [CP] Check Pods Manifest.lock */ = {
			isa = PBXShellScriptBuildPhase;
			buildActionMask = 2147483647;
			files = (
			);
			inputFileListPaths = (
			);
			inputPaths = (
				"${PODS_PODFILE_DIR_PATH}/Podfile.lock",
				"${PODS_ROOT}/Manifest.lock",
			);
			name = "[CP] Check Pods Manifest.lock";
			outputFileListPaths = (
			);
			outputPaths = (
				"$(DERIVED_FILE_DIR)/Pods-ESPubNub-checkManifestLockResult.txt",
			);
			runOnlyForDeploymentPostprocessing = 0;
			shellPath = /bin/sh;
			shellScript = "diff \"${PODS_PODFILE_DIR_PATH}/Podfile.lock\" \"${PODS_ROOT}/Manifest.lock\" > /dev/null\nif [ $? != 0 ] ; then\n    # print error to STDERR\n    echo \"error: The sandbox is not in sync with the Podfile.lock. Run 'pod install' or update your CocoaPods installation.\" >&2\n    exit 1\nfi\n# This output is used by Xcode 'outputs' to avoid re-running this script phase.\necho \"SUCCESS\" > \"${SCRIPT_OUTPUT_FILE_0}\"\n";
			showEnvVarsInLog = 0;
		};
/* End PBXShellScriptBuildPhase section */

/* Begin PBXSourcesBuildPhase section */
		262F00A82668D3F600FAF06F /* Sources */ = {
			isa = PBXSourcesBuildPhase;
			buildActionMask = 2147483647;
			files = (
				262F00B42668D3F600FAF06F /* ViewController.swift in Sources */,
				26CAFCDA26691AF0006F1AB8 /* Extensions.swift in Sources */,
				262F00B02668D3F600FAF06F /* AppDelegate.swift in Sources */,
				262F00B22668D3F600FAF06F /* SceneDelegate.swift in Sources */,
				261A5A3D26690CA7005E16A2 /* ConversationsVC.swift in Sources */,
				26CAFCDE26691B01006F1AB8 /* BaseVC.swift in Sources */,
				26CAFCE126691C1E006F1AB8 /* ConversationModel.swift in Sources */,
				261A5A4026690CC8005E16A2 /* ConversationCell.swift in Sources */,
			);
			runOnlyForDeploymentPostprocessing = 0;
		};
/* End PBXSourcesBuildPhase section */

/* Begin PBXVariantGroup section */
		262F00B52668D3F600FAF06F /* Main.storyboard */ = {
			isa = PBXVariantGroup;
			children = (
				262F00B62668D3F600FAF06F /* Base */,
			);
			name = Main.storyboard;
			sourceTree = "<group>";
		};
		262F00BA2668D3F700FAF06F /* LaunchScreen.storyboard */ = {
			isa = PBXVariantGroup;
			children = (
				262F00BB2668D3F700FAF06F /* Base */,
			);
			name = LaunchScreen.storyboard;
			sourceTree = "<group>";
		};
/* End PBXVariantGroup section */

/* Begin XCBuildConfiguration section */
		262F00BE2668D3F700FAF06F /* Debug */ = {
			isa = XCBuildConfiguration;
			buildSettings = {
				ALWAYS_SEARCH_USER_PATHS = NO;
				CLANG_ANALYZER_NONNULL = YES;
				CLANG_ANALYZER_NUMBER_OBJECT_CONVERSION = YES_AGGRESSIVE;
				CLANG_CXX_LANGUAGE_STANDARD = "gnu++14";
				CLANG_CXX_LIBRARY = "libc++";
				CLANG_ENABLE_MODULES = YES;
				CLANG_ENABLE_OBJC_ARC = YES;
				CLANG_ENABLE_OBJC_WEAK = YES;
				CLANG_WARN_BLOCK_CAPTURE_AUTORELEASING = YES;
				CLANG_WARN_BOOL_CONVERSION = YES;
				CLANG_WARN_COMMA = YES;
				CLANG_WARN_CONSTANT_CONVERSION = YES;
				CLANG_WARN_DEPRECATED_OBJC_IMPLEMENTATIONS = YES;
				CLANG_WARN_DIRECT_OBJC_ISA_USAGE = YES_ERROR;
				CLANG_WARN_DOCUMENTATION_COMMENTS = YES;
				CLANG_WARN_EMPTY_BODY = YES;
				CLANG_WARN_ENUM_CONVERSION = YES;
				CLANG_WARN_INFINITE_RECURSION = YES;
				CLANG_WARN_INT_CONVERSION = YES;
				CLANG_WARN_NON_LITERAL_NULL_CONVERSION = YES;
				CLANG_WARN_OBJC_IMPLICIT_RETAIN_SELF = YES;
				CLANG_WARN_OBJC_LITERAL_CONVERSION = YES;
				CLANG_WARN_OBJC_ROOT_CLASS = YES_ERROR;
				CLANG_WARN_QUOTED_INCLUDE_IN_FRAMEWORK_HEADER = YES;
				CLANG_WARN_RANGE_LOOP_ANALYSIS = YES;
				CLANG_WARN_STRICT_PROTOTYPES = YES;
				CLANG_WARN_SUSPICIOUS_MOVE = YES;
				CLANG_WARN_UNGUARDED_AVAILABILITY = YES_AGGRESSIVE;
				CLANG_WARN_UNREACHABLE_CODE = YES;
				CLANG_WARN__DUPLICATE_METHOD_MATCH = YES;
				COPY_PHASE_STRIP = NO;
				DEBUG_INFORMATION_FORMAT = dwarf;
				ENABLE_STRICT_OBJC_MSGSEND = YES;
				ENABLE_TESTABILITY = YES;
				GCC_C_LANGUAGE_STANDARD = gnu11;
				GCC_DYNAMIC_NO_PIC = NO;
				GCC_NO_COMMON_BLOCKS = YES;
				GCC_OPTIMIZATION_LEVEL = 0;
				GCC_PREPROCESSOR_DEFINITIONS = (
					"DEBUG=1",
					"$(inherited)",
				);
				GCC_WARN_64_TO_32_BIT_CONVERSION = YES;
				GCC_WARN_ABOUT_RETURN_TYPE = YES_ERROR;
				GCC_WARN_UNDECLARED_SELECTOR = YES;
				GCC_WARN_UNINITIALIZED_AUTOS = YES_AGGRESSIVE;
				GCC_WARN_UNUSED_FUNCTION = YES;
				GCC_WARN_UNUSED_VARIABLE = YES;
				IPHONEOS_DEPLOYMENT_TARGET = 14.4;
				MTL_ENABLE_DEBUG_INFO = INCLUDE_SOURCE;
				MTL_FAST_MATH = YES;
				ONLY_ACTIVE_ARCH = YES;
				SDKROOT = iphoneos;
				SWIFT_ACTIVE_COMPILATION_CONDITIONS = DEBUG;
				SWIFT_OPTIMIZATION_LEVEL = "-Onone";
			};
			name = Debug;
		};
		262F00BF2668D3F700FAF06F /* Release */ = {
			isa = XCBuildConfiguration;
			buildSettings = {
				ALWAYS_SEARCH_USER_PATHS = NO;
				CLANG_ANALYZER_NONNULL = YES;
				CLANG_ANALYZER_NUMBER_OBJECT_CONVERSION = YES_AGGRESSIVE;
				CLANG_CXX_LANGUAGE_STANDARD = "gnu++14";
				CLANG_CXX_LIBRARY = "libc++";
				CLANG_ENABLE_MODULES = YES;
				CLANG_ENABLE_OBJC_ARC = YES;
				CLANG_ENABLE_OBJC_WEAK = YES;
				CLANG_WARN_BLOCK_CAPTURE_AUTORELEASING = YES;
				CLANG_WARN_BOOL_CONVERSION = YES;
				CLANG_WARN_COMMA = YES;
				CLANG_WARN_CONSTANT_CONVERSION = YES;
				CLANG_WARN_DEPRECATED_OBJC_IMPLEMENTATIONS = YES;
				CLANG_WARN_DIRECT_OBJC_ISA_USAGE = YES_ERROR;
				CLANG_WARN_DOCUMENTATION_COMMENTS = YES;
				CLANG_WARN_EMPTY_BODY = YES;
				CLANG_WARN_ENUM_CONVERSION = YES;
				CLANG_WARN_INFINITE_RECURSION = YES;
				CLANG_WARN_INT_CONVERSION = YES;
				CLANG_WARN_NON_LITERAL_NULL_CONVERSION = YES;
				CLANG_WARN_OBJC_IMPLICIT_RETAIN_SELF = YES;
				CLANG_WARN_OBJC_LITERAL_CONVERSION = YES;
				CLANG_WARN_OBJC_ROOT_CLASS = YES_ERROR;
				CLANG_WARN_QUOTED_INCLUDE_IN_FRAMEWORK_HEADER = YES;
				CLANG_WARN_RANGE_LOOP_ANALYSIS = YES;
				CLANG_WARN_STRICT_PROTOTYPES = YES;
				CLANG_WARN_SUSPICIOUS_MOVE = YES;
				CLANG_WARN_UNGUARDED_AVAILABILITY = YES_AGGRESSIVE;
				CLANG_WARN_UNREACHABLE_CODE = YES;
				CLANG_WARN__DUPLICATE_METHOD_MATCH = YES;
				COPY_PHASE_STRIP = NO;
				DEBUG_INFORMATION_FORMAT = "dwarf-with-dsym";
				ENABLE_NS_ASSERTIONS = NO;
				ENABLE_STRICT_OBJC_MSGSEND = YES;
				GCC_C_LANGUAGE_STANDARD = gnu11;
				GCC_NO_COMMON_BLOCKS = YES;
				GCC_WARN_64_TO_32_BIT_CONVERSION = YES;
				GCC_WARN_ABOUT_RETURN_TYPE = YES_ERROR;
				GCC_WARN_UNDECLARED_SELECTOR = YES;
				GCC_WARN_UNINITIALIZED_AUTOS = YES_AGGRESSIVE;
				GCC_WARN_UNUSED_FUNCTION = YES;
				GCC_WARN_UNUSED_VARIABLE = YES;
				IPHONEOS_DEPLOYMENT_TARGET = 14.4;
				MTL_ENABLE_DEBUG_INFO = NO;
				MTL_FAST_MATH = YES;
				SDKROOT = iphoneos;
				SWIFT_COMPILATION_MODE = wholemodule;
				SWIFT_OPTIMIZATION_LEVEL = "-O";
				VALIDATE_PRODUCT = YES;
			};
			name = Release;
		};
		262F00C12668D3F700FAF06F /* Debug */ = {
			isa = XCBuildConfiguration;
			baseConfigurationReference = 71DC489BD2DF0CE5387100B4 /* Pods-ESPubNub.debug.xcconfig */;
			buildSettings = {
				ASSETCATALOG_COMPILER_APPICON_NAME = AppIcon;
				ASSETCATALOG_COMPILER_GLOBAL_ACCENT_COLOR_NAME = AccentColor;
				CODE_SIGN_STYLE = Automatic;
				DEVELOPMENT_TEAM = 9875BH6JL2;
				INFOPLIST_FILE = ESPubNub/Info.plist;
				IPHONEOS_DEPLOYMENT_TARGET = 13.0;
				LD_RUNPATH_SEARCH_PATHS = (
					"$(inherited)",
					"@executable_path/Frameworks",
				);
				PRODUCT_BUNDLE_IDENTIFIER = edsiniakov.ESPubNub;
				PRODUCT_NAME = "$(TARGET_NAME)";
				SWIFT_VERSION = 5.0;
				TARGETED_DEVICE_FAMILY = "1,2";
			};
			name = Debug;
		};
		262F00C22668D3F700FAF06F /* Release */ = {
			isa = XCBuildConfiguration;
			baseConfigurationReference = B8369E1B0C37BCE57E364EA9 /* Pods-ESPubNub.release.xcconfig */;
			buildSettings = {
				ASSETCATALOG_COMPILER_APPICON_NAME = AppIcon;
				ASSETCATALOG_COMPILER_GLOBAL_ACCENT_COLOR_NAME = AccentColor;
				CODE_SIGN_STYLE = Automatic;
				DEVELOPMENT_TEAM = 9875BH6JL2;
				INFOPLIST_FILE = ESPubNub/Info.plist;
				IPHONEOS_DEPLOYMENT_TARGET = 13.0;
				LD_RUNPATH_SEARCH_PATHS = (
					"$(inherited)",
					"@executable_path/Frameworks",
				);
				PRODUCT_BUNDLE_IDENTIFIER = edsiniakov.ESPubNub;
				PRODUCT_NAME = "$(TARGET_NAME)";
				SWIFT_VERSION = 5.0;
				TARGETED_DEVICE_FAMILY = "1,2";
			};
			name = Release;
		};
/* End XCBuildConfiguration section */

/* Begin XCConfigurationList section */
		262F00A72668D3F600FAF06F /* Build configuration list for PBXProject "ESPubNub" */ = {
			isa = XCConfigurationList;
			buildConfigurations = (
				262F00BE2668D3F700FAF06F /* Debug */,
				262F00BF2668D3F700FAF06F /* Release */,
			);
			defaultConfigurationIsVisible = 0;
			defaultConfigurationName = Release;
		};
		262F00C02668D3F700FAF06F /* Build configuration list for PBXNativeTarget "ESPubNub" */ = {
			isa = XCConfigurationList;
			buildConfigurations = (
				262F00C12668D3F700FAF06F /* Debug */,
				262F00C22668D3F700FAF06F /* Release */,
			);
			defaultConfigurationIsVisible = 0;
			defaultConfigurationName = Release;
		};
/* End XCConfigurationList section */

/* Begin XCRemoteSwiftPackageReference section */
		262F00C92668D58900FAF06F /* XCRemoteSwiftPackageReference "swift" */ = {
			isa = XCRemoteSwiftPackageReference;
			repositoryURL = "https://github.com/pubnub/swift.git";
			requirement = {
				kind = upToNextMajorVersion;
				minimumVersion = 3.1.3;
			};
		};
/* End XCRemoteSwiftPackageReference section */

/* Begin XCSwiftPackageProductDependency section */
		262F00CA2668D58900FAF06F /* PubNub */ = {
			isa = XCSwiftPackageProductDependency;
			package = 262F00C92668D58900FAF06F /* XCRemoteSwiftPackageReference "swift" */;
			productName = PubNub;
		};
/* End XCSwiftPackageProductDependency section */
	};
	rootObject = 262F00A42668D3F600FAF06F /* Project object */;
}
